
Microsoft Visual Studio Solution File, Format Version 12.00
# Visual Studio Version 17
VisualStudioVersion = 17.13.35828.75
MinimumVisualStudioVersion = 10.0.40219.1
Project("{FAE04EC0-301F-11D3-BF4B-00C04F79EFBC}") = "StudentCsvViewer", "StudentCsvViewerApp\StudentCsvViewer.csproj", "{488410EC-F83F-472E-B4E5-97A28907D949}"
EndProject
Global
	GlobalSection(SolutionConfigurationPlatforms) = preSolution
		Debug|Any CPU = Debug|Any CPU
		Release|Any CPU = Release|Any CPU
	EndGlobalSection
	GlobalSection(ProjectConfigurationPlatforms) = postSolution
		{488410EC-F83F-472E-B4E5-97A28907D949}.Debug|Any CPU.ActiveCfg = Debug|Any CPU
		{488410EC-F83F-472E-B4E5-97A28907D949}.Debug|Any CPU.Build.0 = Debug|Any CPU
		{488410EC-F83F-472E-B4E5-97A28907D949}.Release|Any CPU.ActiveCfg = Release|Any CPU
		{488410EC-F83F-472E-B4E5-97A28907D949}.Release|Any CPU.Build.0 = Release|Any CPU
	EndGlobalSection
	GlobalSection(SolutionProperties) = preSolution
		HideSolutionNode = FALSE
	EndGlobalSection
	GlobalSection(ExtensibilityGlobals) = postSolution
		SolutionGuid = {DC2F622D-6756-48FC-B488-CC84EFBBB4E2}
	EndGlobalSection
EndGlobal
